// !$*UTF8*$!
{
	archiveVersion = 1;
	classes = {
	};
	objectVersion = 55;
	objects = {

/* Begin PBXBuildFile section */
		6316098D27FDBF3400C07ECF /* QueueCreation.swift in Sources */ = {isa = PBXBuildFile; fileRef = 6316098C27FDBF3400C07ECF /* QueueCreation.swift */; };
		6364F4AC28186D78002528F3 /* NotificationsViewController.swift in Sources */ = {isa = PBXBuildFile; fileRef = 6364F4AB28186D78002528F3 /* NotificationsViewController.swift */; };
		6364F4AE28187065002528F3 /* Notification.swift in Sources */ = {isa = PBXBuildFile; fileRef = 6364F4AD28187065002528F3 /* Notification.swift */; };
		6364F4B02818752D002528F3 /* NotificationCell.swift in Sources */ = {isa = PBXBuildFile; fileRef = 6364F4AF2818752D002528F3 /* NotificationCell.swift */; };
		6364F4B228188D3D002528F3 /* SettingsViewController.swift in Sources */ = {isa = PBXBuildFile; fileRef = 6364F4B128188D3D002528F3 /* SettingsViewController.swift */; };
		6364F4B428189270002528F3 /* Settings.swift in Sources */ = {isa = PBXBuildFile; fileRef = 6364F4B328189270002528F3 /* Settings.swift */; };
		6364F4B62818ADC2002528F3 /* QrScannerViewController.swift in Sources */ = {isa = PBXBuildFile; fileRef = 6364F4B52818ADC2002528F3 /* QrScannerViewController.swift */; };
		63891D962817403500DC4D2D /* ParticipantsCell.swift in Sources */ = {isa = PBXBuildFile; fileRef = 63891D952817403500DC4D2D /* ParticipantsCell.swift */; };
		638ACDB42818024400C88CDF /* TaskCell.swift in Sources */ = {isa = PBXBuildFile; fileRef = 638ACDB32818024400C88CDF /* TaskCell.swift */; };
		638ACDB62818031500C88CDF /* ToDoTasksTableViewController.swift in Sources */ = {isa = PBXBuildFile; fileRef = 638ACDB52818031500C88CDF /* ToDoTasksTableViewController.swift */; };
		638ACDB82818038000C88CDF /* Task.swift in Sources */ = {isa = PBXBuildFile; fileRef = 638ACDB72818038000C88CDF /* Task.swift */; };
		638B22C42816B94100C111B5 /* QueueDetailsController.swift in Sources */ = {isa = PBXBuildFile; fileRef = 638B22C32816B94100C111B5 /* QueueDetailsController.swift */; };
		639695C02816812F00C7AAE5 /* ModelsJSON.swift in Sources */ = {isa = PBXBuildFile; fileRef = 639695BF2816812F00C7AAE5 /* ModelsJSON.swift */; };
		639695C22816824C00C7AAE5 /* NetowrkRequestsController.swift in Sources */ = {isa = PBXBuildFile; fileRef = 639695C12816824C00C7AAE5 /* NetowrkRequestsController.swift */; };
		63B50DE72819392A0056F34C /* SegmentCell.swift in Sources */ = {isa = PBXBuildFile; fileRef = 63B50DE62819392A0056F34C /* SegmentCell.swift */; };
		63F57C6427FD8320001B97B2 /* QueueCell.swift in Sources */ = {isa = PBXBuildFile; fileRef = 63F57C6327FD8320001B97B2 /* QueueCell.swift */; };
		63F57C6627FD83E9001B97B2 /* Queue.swift in Sources */ = {isa = PBXBuildFile; fileRef = 63F57C6527FD83E9001B97B2 /* Queue.swift */; };
		63F57C6A27FD8751001B97B2 /* QueueTableViewController.swift in Sources */ = {isa = PBXBuildFile; fileRef = 63F57C6927FD8751001B97B2 /* QueueTableViewController.swift */; };
		63F6501B27FCD6AF00D1D974 /* AppDelegate.swift in Sources */ = {isa = PBXBuildFile; fileRef = 63F6501A27FCD6AF00D1D974 /* AppDelegate.swift */; };
		63F6501D27FCD6AF00D1D974 /* SceneDelegate.swift in Sources */ = {isa = PBXBuildFile; fileRef = 63F6501C27FCD6AF00D1D974 /* SceneDelegate.swift */; };
		63F6501F27FCD6AF00D1D974 /* ViewController.swift in Sources */ = {isa = PBXBuildFile; fileRef = 63F6501E27FCD6AF00D1D974 /* ViewController.swift */; };
		63F6502227FCD6AF00D1D974 /* Main.storyboard in Resources */ = {isa = PBXBuildFile; fileRef = 63F6502027FCD6AF00D1D974 /* Main.storyboard */; };
		63F6502427FCD6B100D1D974 /* Assets.xcassets in Resources */ = {isa = PBXBuildFile; fileRef = 63F6502327FCD6B100D1D974 /* Assets.xcassets */; };
		63F6502727FCD6B100D1D974 /* LaunchScreen.storyboard in Resources */ = {isa = PBXBuildFile; fileRef = 63F6502527FCD6B100D1D974 /* LaunchScreen.storyboard */; };
/* End PBXBuildFile section */

/* Begin PBXFileReference section */
		6316098C27FDBF3400C07ECF /* QueueCreation.swift */ = {isa = PBXFileReference; lastKnownFileType = sourcecode.swift; path = QueueCreation.swift; sourceTree = "<group>"; };
		6364F4AB28186D78002528F3 /* NotificationsViewController.swift */ = {isa = PBXFileReference; lastKnownFileType = sourcecode.swift; path = NotificationsViewController.swift; sourceTree = "<group>"; };
		6364F4AD28187065002528F3 /* Notification.swift */ = {isa = PBXFileReference; lastKnownFileType = sourcecode.swift; path = Notification.swift; sourceTree = "<group>"; };
		6364F4AF2818752D002528F3 /* NotificationCell.swift */ = {isa = PBXFileReference; lastKnownFileType = sourcecode.swift; path = NotificationCell.swift; sourceTree = "<group>"; };
		6364F4B128188D3D002528F3 /* SettingsViewController.swift */ = {isa = PBXFileReference; lastKnownFileType = sourcecode.swift; path = SettingsViewController.swift; sourceTree = "<group>"; };
		6364F4B328189270002528F3 /* Settings.swift */ = {isa = PBXFileReference; lastKnownFileType = sourcecode.swift; path = Settings.swift; sourceTree = "<group>"; };
		6364F4B52818ADC2002528F3 /* QrScannerViewController.swift */ = {isa = PBXFileReference; lastKnownFileType = sourcecode.swift; path = QrScannerViewController.swift; sourceTree = "<group>"; };
		63891D952817403500DC4D2D /* ParticipantsCell.swift */ = {isa = PBXFileReference; lastKnownFileType = sourcecode.swift; path = ParticipantsCell.swift; sourceTree = "<group>"; };
		638ACDB32818024400C88CDF /* TaskCell.swift */ = {isa = PBXFileReference; lastKnownFileType = sourcecode.swift; path = TaskCell.swift; sourceTree = "<group>"; };
		638ACDB52818031500C88CDF /* ToDoTasksTableViewController.swift */ = {isa = PBXFileReference; lastKnownFileType = sourcecode.swift; path = ToDoTasksTableViewController.swift; sourceTree = "<group>"; };
		638ACDB72818038000C88CDF /* Task.swift */ = {isa = PBXFileReference; lastKnownFileType = sourcecode.swift; path = Task.swift; sourceTree = "<group>"; };
		638B22C32816B94100C111B5 /* QueueDetailsController.swift */ = {isa = PBXFileReference; lastKnownFileType = sourcecode.swift; path = QueueDetailsController.swift; sourceTree = "<group>"; };
		639695BF2816812F00C7AAE5 /* ModelsJSON.swift */ = {isa = PBXFileReference; lastKnownFileType = sourcecode.swift; path = ModelsJSON.swift; sourceTree = "<group>"; };
		639695C12816824C00C7AAE5 /* NetowrkRequestsController.swift */ = {isa = PBXFileReference; lastKnownFileType = sourcecode.swift; path = NetowrkRequestsController.swift; sourceTree = "<group>"; };
		63B50DE62819392A0056F34C /* SegmentCell.swift */ = {isa = PBXFileReference; lastKnownFileType = sourcecode.swift; path = SegmentCell.swift; sourceTree = "<group>"; };
		63F57C6327FD8320001B97B2 /* QueueCell.swift */ = {isa = PBXFileReference; lastKnownFileType = sourcecode.swift; path = QueueCell.swift; sourceTree = "<group>"; };
		63F57C6527FD83E9001B97B2 /* Queue.swift */ = {isa = PBXFileReference; lastKnownFileType = sourcecode.swift; path = Queue.swift; sourceTree = "<group>"; };
		63F57C6927FD8751001B97B2 /* QueueTableViewController.swift */ = {isa = PBXFileReference; lastKnownFileType = sourcecode.swift; path = QueueTableViewController.swift; sourceTree = "<group>"; };
		63F6501727FCD6AF00D1D974 /* iOS_InnoQueue.app */ = {isa = PBXFileReference; explicitFileType = wrapper.application; includeInIndex = 0; path = iOS_InnoQueue.app; sourceTree = BUILT_PRODUCTS_DIR; };
		63F6501A27FCD6AF00D1D974 /* AppDelegate.swift */ = {isa = PBXFileReference; lastKnownFileType = sourcecode.swift; path = AppDelegate.swift; sourceTree = "<group>"; };
		63F6501C27FCD6AF00D1D974 /* SceneDelegate.swift */ = {isa = PBXFileReference; lastKnownFileType = sourcecode.swift; path = SceneDelegate.swift; sourceTree = "<group>"; };
		63F6501E27FCD6AF00D1D974 /* ViewController.swift */ = {isa = PBXFileReference; lastKnownFileType = sourcecode.swift; path = ViewController.swift; sourceTree = "<group>"; };
		63F6502127FCD6AF00D1D974 /* Base */ = {isa = PBXFileReference; lastKnownFileType = file.storyboard; name = Base; path = Base.lproj/Main.storyboard; sourceTree = "<group>"; };
		63F6502327FCD6B100D1D974 /* Assets.xcassets */ = {isa = PBXFileReference; lastKnownFileType = folder.assetcatalog; path = Assets.xcassets; sourceTree = "<group>"; };
		63F6502627FCD6B100D1D974 /* Base */ = {isa = PBXFileReference; lastKnownFileType = file.storyboard; name = Base; path = Base.lproj/LaunchScreen.storyboard; sourceTree = "<group>"; };
		63F6502827FCD6B100D1D974 /* Info.plist */ = {isa = PBXFileReference; lastKnownFileType = text.plist.xml; path = Info.plist; sourceTree = "<group>"; };
/* End PBXFileReference section */

/* Begin PBXFrameworksBuildPhase section */
		63F6501427FCD6AF00D1D974 /* Frameworks */ = {
			isa = PBXFrameworksBuildPhase;
			buildActionMask = 2147483647;
			files = (
			);
			runOnlyForDeploymentPostprocessing = 0;
		};
/* End PBXFrameworksBuildPhase section */

/* Begin PBXGroup section */
		638ACDB22818021900C88CDF /* View */ = {
			isa = PBXGroup;
			children = (
				63891D952817403500DC4D2D /* ParticipantsCell.swift */,
				63F57C6327FD8320001B97B2 /* QueueCell.swift */,
				638ACDB32818024400C88CDF /* TaskCell.swift */,
				6364F4AF2818752D002528F3 /* NotificationCell.swift */,
				63B50DE62819392A0056F34C /* SegmentCell.swift */,
			);
			path = View;
			sourceTree = "<group>";
		};
		63F57C6727FD86A0001B97B2 /* Model */ = {
			isa = PBXGroup;
			children = (
				63F57C6527FD83E9001B97B2 /* Queue.swift */,
				639695BF2816812F00C7AAE5 /* ModelsJSON.swift */,
				638ACDB72818038000C88CDF /* Task.swift */,
				6364F4AD28187065002528F3 /* Notification.swift */,
				6364F4B328189270002528F3 /* Settings.swift */,
			);
			path = Model;
			sourceTree = "<group>";
		};
		63F57C6827FD86C2001B97B2 /* Controller */ = {
			isa = PBXGroup;
			children = (
				63F57C6927FD8751001B97B2 /* QueueTableViewController.swift */,
				6316098C27FDBF3400C07ECF /* QueueCreation.swift */,
				638B22C32816B94100C111B5 /* QueueDetailsController.swift */,
				638ACDB52818031500C88CDF /* ToDoTasksTableViewController.swift */,
				6364F4AB28186D78002528F3 /* NotificationsViewController.swift */,
				6364F4B128188D3D002528F3 /* SettingsViewController.swift */,
				6364F4B52818ADC2002528F3 /* QrScannerViewController.swift */,
			);
			path = Controller;
			sourceTree = "<group>";
		};
		63F6500E27FCD6AE00D1D974 = {
			isa = PBXGroup;
			children = (
				63F6501927FCD6AF00D1D974 /* iOS_InnoQueue */,
				63F6501827FCD6AF00D1D974 /* Products */,
			);
			sourceTree = "<group>";
		};
		63F6501827FCD6AF00D1D974 /* Products */ = {
			isa = PBXGroup;
			children = (
				63F6501727FCD6AF00D1D974 /* iOS_InnoQueue.app */,
			);
			name = Products;
			sourceTree = "<group>";
		};
		63F6501927FCD6AF00D1D974 /* iOS_InnoQueue */ = {
			isa = PBXGroup;
			children = (
				639695C12816824C00C7AAE5 /* NetowrkRequestsController.swift */,
				638ACDB22818021900C88CDF /* View */,
				63F57C6827FD86C2001B97B2 /* Controller */,
				63F57C6727FD86A0001B97B2 /* Model */,
				63F6501A27FCD6AF00D1D974 /* AppDelegate.swift */,
				63F6501C27FCD6AF00D1D974 /* SceneDelegate.swift */,
				63F6501E27FCD6AF00D1D974 /* ViewController.swift */,
				63F6502027FCD6AF00D1D974 /* Main.storyboard */,
				63F6502327FCD6B100D1D974 /* Assets.xcassets */,
				63F6502527FCD6B100D1D974 /* LaunchScreen.storyboard */,
				63F6502827FCD6B100D1D974 /* Info.plist */,
			);
			path = iOS_InnoQueue;
			sourceTree = "<group>";
		};
/* End PBXGroup section */

/* Begin PBXNativeTarget section */
		63F6501627FCD6AF00D1D974 /* iOS_InnoQueue */ = {
			isa = PBXNativeTarget;
			buildConfigurationList = 63F6502B27FCD6B100D1D974 /* Build configuration list for PBXNativeTarget "iOS_InnoQueue" */;
			buildPhases = (
				63F6501327FCD6AF00D1D974 /* Sources */,
				63F6501427FCD6AF00D1D974 /* Frameworks */,
				63F6501527FCD6AF00D1D974 /* Resources */,
			);
			buildRules = (
			);
			dependencies = (
			);
			name = iOS_InnoQueue;
			productName = iOS_InnoQueue;
			productReference = 63F6501727FCD6AF00D1D974 /* iOS_InnoQueue.app */;
			productType = "com.apple.product-type.application";
		};
/* End PBXNativeTarget section */

/* Begin PBXProject section */
		63F6500F27FCD6AE00D1D974 /* Project object */ = {
			isa = PBXProject;
			attributes = {
				BuildIndependentTargetsInParallel = 1;
				LastSwiftUpdateCheck = 1330;
				LastUpgradeCheck = 1330;
				TargetAttributes = {
					63F6501627FCD6AF00D1D974 = {
						CreatedOnToolsVersion = 13.3;
					};
				};
			};
			buildConfigurationList = 63F6501227FCD6AE00D1D974 /* Build configuration list for PBXProject "iOS_InnoQueue" */;
			compatibilityVersion = "Xcode 13.0";
			developmentRegion = en;
			hasScannedForEncodings = 0;
			knownRegions = (
				en,
				Base,
			);
			mainGroup = 63F6500E27FCD6AE00D1D974;
			productRefGroup = 63F6501827FCD6AF00D1D974 /* Products */;
			projectDirPath = "";
			projectRoot = "";
			targets = (
				63F6501627FCD6AF00D1D974 /* iOS_InnoQueue */,
			);
		};
/* End PBXProject section */

/* Begin PBXResourcesBuildPhase section */
		63F6501527FCD6AF00D1D974 /* Resources */ = {
			isa = PBXResourcesBuildPhase;
			buildActionMask = 2147483647;
			files = (
				63F6502727FCD6B100D1D974 /* LaunchScreen.storyboard in Resources */,
				63F6502427FCD6B100D1D974 /* Assets.xcassets in Resources */,
				63F6502227FCD6AF00D1D974 /* Main.storyboard in Resources */,
			);
			runOnlyForDeploymentPostprocessing = 0;
		};
/* End PBXResourcesBuildPhase section */

/* Begin PBXSourcesBuildPhase section */
		63F6501327FCD6AF00D1D974 /* Sources */ = {
			isa = PBXSourcesBuildPhase;
			buildActionMask = 2147483647;
			files = (
				6364F4AC28186D78002528F3 /* NotificationsViewController.swift in Sources */,
				63F57C6627FD83E9001B97B2 /* Queue.swift in Sources */,
				639695C02816812F00C7AAE5 /* ModelsJSON.swift in Sources */,
				638ACDB62818031500C88CDF /* ToDoTasksTableViewController.swift in Sources */,
				6364F4AE28187065002528F3 /* Notification.swift in Sources */,
				63F57C6A27FD8751001B97B2 /* QueueTableViewController.swift in Sources */,
				63F6501F27FCD6AF00D1D974 /* ViewController.swift in Sources */,
				638ACDB42818024400C88CDF /* TaskCell.swift in Sources */,
				6364F4B62818ADC2002528F3 /* QrScannerViewController.swift in Sources */,
				638B22C42816B94100C111B5 /* QueueDetailsController.swift in Sources */,
				63F6501B27FCD6AF00D1D974 /* AppDelegate.swift in Sources */,
				639695C22816824C00C7AAE5 /* NetowrkRequestsController.swift in Sources */,
				63B50DE72819392A0056F34C /* SegmentCell.swift in Sources */,
				63891D962817403500DC4D2D /* ParticipantsCell.swift in Sources */,
				63F6501D27FCD6AF00D1D974 /* SceneDelegate.swift in Sources */,
				63F57C6427FD8320001B97B2 /* QueueCell.swift in Sources */,
				638ACDB82818038000C88CDF /* Task.swift in Sources */,
				6316098D27FDBF3400C07ECF /* QueueCreation.swift in Sources */,
				6364F4B02818752D002528F3 /* NotificationCell.swift in Sources */,
				6364F4B228188D3D002528F3 /* SettingsViewController.swift in Sources */,
				6364F4B428189270002528F3 /* Settings.swift in Sources */,
			);
			runOnlyForDeploymentPostprocessing = 0;
		};
/* End PBXSourcesBuildPhase section */

/* Begin PBXVariantGroup section */
		63F6502027FCD6AF00D1D974 /* Main.storyboard */ = {
			isa = PBXVariantGroup;
			children = (
				63F6502127FCD6AF00D1D974 /* Base */,
			);
			name = Main.storyboard;
			sourceTree = "<group>";
		};
		63F6502527FCD6B100D1D974 /* LaunchScreen.storyboard */ = {
			isa = PBXVariantGroup;
			children = (
				63F6502627FCD6B100D1D974 /* Base */,
			);
			name = LaunchScreen.storyboard;
			sourceTree = "<group>";
		};
/* End PBXVariantGroup section */

/* Begin XCBuildConfiguration section */
		63F6502927FCD6B100D1D974 /* Debug */ = {
			isa = XCBuildConfiguration;
			buildSettings = {
				ALWAYS_SEARCH_USER_PATHS = NO;
				CLANG_ANALYZER_NONNULL = YES;
				CLANG_ANALYZER_NUMBER_OBJECT_CONVERSION = YES_AGGRESSIVE;
				CLANG_CXX_LANGUAGE_STANDARD = "gnu++17";
				CLANG_ENABLE_MODULES = YES;
				CLANG_ENABLE_OBJC_ARC = YES;
				CLANG_ENABLE_OBJC_WEAK = YES;
				CLANG_WARN_BLOCK_CAPTURE_AUTORELEASING = YES;
				CLANG_WARN_BOOL_CONVERSION = YES;
				CLANG_WARN_COMMA = YES;
				CLANG_WARN_CONSTANT_CONVERSION = YES;
				CLANG_WARN_DEPRECATED_OBJC_IMPLEMENTATIONS = YES;
				CLANG_WARN_DIRECT_OBJC_ISA_USAGE = YES_ERROR;
				CLANG_WARN_DOCUMENTATION_COMMENTS = YES;
				CLANG_WARN_EMPTY_BODY = YES;
				CLANG_WARN_ENUM_CONVERSION = YES;
				CLANG_WARN_INFINITE_RECURSION = YES;
				CLANG_WARN_INT_CONVERSION = YES;
				CLANG_WARN_NON_LITERAL_NULL_CONVERSION = YES;
				CLANG_WARN_OBJC_IMPLICIT_RETAIN_SELF = YES;
				CLANG_WARN_OBJC_LITERAL_CONVERSION = YES;
				CLANG_WARN_OBJC_ROOT_CLASS = YES_ERROR;
				CLANG_WARN_QUOTED_INCLUDE_IN_FRAMEWORK_HEADER = YES;
				CLANG_WARN_RANGE_LOOP_ANALYSIS = YES;
				CLANG_WARN_STRICT_PROTOTYPES = YES;
				CLANG_WARN_SUSPICIOUS_MOVE = YES;
				CLANG_WARN_UNGUARDED_AVAILABILITY = YES_AGGRESSIVE;
				CLANG_WARN_UNREACHABLE_CODE = YES;
				CLANG_WARN__DUPLICATE_METHOD_MATCH = YES;
				COPY_PHASE_STRIP = NO;
				DEBUG_INFORMATION_FORMAT = dwarf;
				ENABLE_STRICT_OBJC_MSGSEND = YES;
				ENABLE_TESTABILITY = YES;
				GCC_C_LANGUAGE_STANDARD = gnu11;
				GCC_DYNAMIC_NO_PIC = NO;
				GCC_NO_COMMON_BLOCKS = YES;
				GCC_OPTIMIZATION_LEVEL = 0;
				GCC_PREPROCESSOR_DEFINITIONS = (
					"DEBUG=1",
					"$(inherited)",
				);
				GCC_WARN_64_TO_32_BIT_CONVERSION = YES;
				GCC_WARN_ABOUT_RETURN_TYPE = YES_ERROR;
				GCC_WARN_UNDECLARED_SELECTOR = YES;
				GCC_WARN_UNINITIALIZED_AUTOS = YES_AGGRESSIVE;
				GCC_WARN_UNUSED_FUNCTION = YES;
				GCC_WARN_UNUSED_VARIABLE = YES;
				IPHONEOS_DEPLOYMENT_TARGET = 15.4;
				MTL_ENABLE_DEBUG_INFO = INCLUDE_SOURCE;
				MTL_FAST_MATH = YES;
				ONLY_ACTIVE_ARCH = YES;
				SDKROOT = iphoneos;
				SWIFT_ACTIVE_COMPILATION_CONDITIONS = DEBUG;
				SWIFT_OPTIMIZATION_LEVEL = "-Onone";
			};
			name = Debug;
		};
		63F6502A27FCD6B100D1D974 /* Release */ = {
			isa = XCBuildConfiguration;
			buildSettings = {
				ALWAYS_SEARCH_USER_PATHS = NO;
				CLANG_ANALYZER_NONNULL = YES;
				CLANG_ANALYZER_NUMBER_OBJECT_CONVERSION = YES_AGGRESSIVE;
				CLANG_CXX_LANGUAGE_STANDARD = "gnu++17";
				CLANG_ENABLE_MODULES = YES;
				CLANG_ENABLE_OBJC_ARC = YES;
				CLANG_ENABLE_OBJC_WEAK = YES;
				CLANG_WARN_BLOCK_CAPTURE_AUTORELEASING = YES;
				CLANG_WARN_BOOL_CONVERSION = YES;
				CLANG_WARN_COMMA = YES;
				CLANG_WARN_CONSTANT_CONVERSION = YES;
				CLANG_WARN_DEPRECATED_OBJC_IMPLEMENTATIONS = YES;
				CLANG_WARN_DIRECT_OBJC_ISA_USAGE = YES_ERROR;
				CLANG_WARN_DOCUMENTATION_COMMENTS = YES;
				CLANG_WARN_EMPTY_BODY = YES;
				CLANG_WARN_ENUM_CONVERSION = YES;
				CLANG_WARN_INFINITE_RECURSION = YES;
				CLANG_WARN_INT_CONVERSION = YES;
				CLANG_WARN_NON_LITERAL_NULL_CONVERSION = YES;
				CLANG_WARN_OBJC_IMPLICIT_RETAIN_SELF = YES;
				CLANG_WARN_OBJC_LITERAL_CONVERSION = YES;
				CLANG_WARN_OBJC_ROOT_CLASS = YES_ERROR;
				CLANG_WARN_QUOTED_INCLUDE_IN_FRAMEWORK_HEADER = YES;
				CLANG_WARN_RANGE_LOOP_ANALYSIS = YES;
				CLANG_WARN_STRICT_PROTOTYPES = YES;
				CLANG_WARN_SUSPICIOUS_MOVE = YES;
				CLANG_WARN_UNGUARDED_AVAILABILITY = YES_AGGRESSIVE;
				CLANG_WARN_UNREACHABLE_CODE = YES;
				CLANG_WARN__DUPLICATE_METHOD_MATCH = YES;
				COPY_PHASE_STRIP = NO;
				DEBUG_INFORMATION_FORMAT = "dwarf-with-dsym";
				ENABLE_NS_ASSERTIONS = NO;
				ENABLE_STRICT_OBJC_MSGSEND = YES;
				GCC_C_LANGUAGE_STANDARD = gnu11;
				GCC_NO_COMMON_BLOCKS = YES;
				GCC_WARN_64_TO_32_BIT_CONVERSION = YES;
				GCC_WARN_ABOUT_RETURN_TYPE = YES_ERROR;
				GCC_WARN_UNDECLARED_SELECTOR = YES;
				GCC_WARN_UNINITIALIZED_AUTOS = YES_AGGRESSIVE;
				GCC_WARN_UNUSED_FUNCTION = YES;
				GCC_WARN_UNUSED_VARIABLE = YES;
				IPHONEOS_DEPLOYMENT_TARGET = 15.4;
				MTL_ENABLE_DEBUG_INFO = NO;
				MTL_FAST_MATH = YES;
				SDKROOT = iphoneos;
				SWIFT_COMPILATION_MODE = wholemodule;
				SWIFT_OPTIMIZATION_LEVEL = "-O";
				VALIDATE_PRODUCT = YES;
			};
			name = Release;
		};
		63F6502C27FCD6B100D1D974 /* Debug */ = {
			isa = XCBuildConfiguration;
			buildSettings = {
				ASSETCATALOG_COMPILER_APPICON_NAME = AppIcon;
				ASSETCATALOG_COMPILER_GLOBAL_ACCENT_COLOR_NAME = AccentColor;
				CODE_SIGN_STYLE = Automatic;
				CURRENT_PROJECT_VERSION = 1;
				DEVELOPMENT_TEAM = BV24CK447V;
				GENERATE_INFOPLIST_FILE = YES;
				INFOPLIST_FILE = iOS_InnoQueue/Info.plist;
				INFOPLIST_KEY_UIApplicationSupportsIndirectInputEvents = YES;
				INFOPLIST_KEY_UILaunchStoryboardName = LaunchScreen;
				INFOPLIST_KEY_UIMainStoryboardFile = Main;
				INFOPLIST_KEY_UISupportedInterfaceOrientations_iPad = "UIInterfaceOrientationPortrait UIInterfaceOrientationPortraitUpsideDown UIInterfaceOrientationLandscapeLeft UIInterfaceOrientationLandscapeRight";
				INFOPLIST_KEY_UISupportedInterfaceOrientations_iPhone = "UIInterfaceOrientationPortrait UIInterfaceOrientationLandscapeLeft UIInterfaceOrientationLandscapeRight";
				LD_RUNPATH_SEARCH_PATHS = (
					"$(inherited)",
					"@executable_path/Frameworks",
				);
				MARKETING_VERSION = 1.0;
				PRODUCT_BUNDLE_IDENTIFIER = "com.example.iOS-InnoQueue";
				PRODUCT_NAME = "$(TARGET_NAME)";
				SWIFT_EMIT_LOC_STRINGS = YES;
				SWIFT_VERSION = 5.0;
				TARGETED_DEVICE_FAMILY = "1,2";
			};
			name = Debug;
		};
		63F6502D27FCD6B100D1D974 /* Release */ = {
			isa = XCBuildConfiguration;
			buildSettings = {
				ASSETCATALOG_COMPILER_APPICON_NAME = AppIcon;
				ASSETCATALOG_COMPILER_GLOBAL_ACCENT_COLOR_NAME = AccentColor;
				CODE_SIGN_STYLE = Automatic;
				CURRENT_PROJECT_VERSION = 1;
				DEVELOPMENT_TEAM = BV24CK447V;
				GENERATE_INFOPLIST_FILE = YES;
				INFOPLIST_FILE = iOS_InnoQueue/Info.plist;
				INFOPLIST_KEY_UIApplicationSupportsIndirectInputEvents = YES;
				INFOPLIST_KEY_UILaunchStoryboardName = LaunchScreen;
				INFOPLIST_KEY_UIMainStoryboardFile = Main;
				INFOPLIST_KEY_UISupportedInterfaceOrientations_iPad = "UIInterfaceOrientationPortrait UIInterfaceOrientationPortraitUpsideDown UIInterfaceOrientationLandscapeLeft UIInterfaceOrientationLandscapeRight";
				INFOPLIST_KEY_UISupportedInterfaceOrientations_iPhone = "UIInterfaceOrientationPortrait UIInterfaceOrientationLandscapeLeft UIInterfaceOrientationLandscapeRight";
				LD_RUNPATH_SEARCH_PATHS = (
					"$(inherited)",
					"@executable_path/Frameworks",
				);
				MARKETING_VERSION = 1.0;
				PRODUCT_BUNDLE_IDENTIFIER = "com.example.iOS-InnoQueue";
				PRODUCT_NAME = "$(TARGET_NAME)";
				SWIFT_EMIT_LOC_STRINGS = YES;
				SWIFT_VERSION = 5.0;
				TARGETED_DEVICE_FAMILY = "1,2";
			};
			name = Release;
		};
/* End XCBuildConfiguration section */

/* Begin XCConfigurationList section */
		63F6501227FCD6AE00D1D974 /* Build configuration list for PBXProject "iOS_InnoQueue" */ = {
			isa = XCConfigurationList;
			buildConfigurations = (
				63F6502927FCD6B100D1D974 /* Debug */,
				63F6502A27FCD6B100D1D974 /* Release */,
			);
			defaultConfigurationIsVisible = 0;
			defaultConfigurationName = Release;
		};
		63F6502B27FCD6B100D1D974 /* Build configuration list for PBXNativeTarget "iOS_InnoQueue" */ = {
			isa = XCConfigurationList;
			buildConfigurations = (
				63F6502C27FCD6B100D1D974 /* Debug */,
				63F6502D27FCD6B100D1D974 /* Release */,
			);
			defaultConfigurationIsVisible = 0;
			defaultConfigurationName = Release;
		};
/* End XCConfigurationList section */
	};
	rootObject = 63F6500F27FCD6AE00D1D974 /* Project object */;
}
